
Microsoft Visual Studio Solution File, Format Version 12.00
# Visual Studio Version 16
VisualStudioVersion = 16.0.30611.23
MinimumVisualStudioVersion = 10.0.40219.1
Project("{FAE04EC0-301F-11D3-BF4B-00C04F79EFBC}") = "JWJ_点点乐", "JWJ_点点乐.csproj", "{FCA4C2F7-24B6-4A0D-8960-B4F889B3B69C}"
EndProject
Global
	GlobalSection(SolutionConfigurationPlatforms) = preSolution
		Debug|Any CPU = Debug|Any CPU
		Release|Any CPU = Release|Any CPU
	EndGlobalSection
	GlobalSection(ProjectConfigurationPlatforms) = postSolution
		{FCA4C2F7-24B6-4A0D-8960-B4F889B3B69C}.Debug|Any CPU.ActiveCfg = Debug|Any CPU
		{FCA4C2F7-24B6-4A0D-8960-B4F889B3B69C}.Debug|Any CPU.Build.0 = Debug|Any CPU
		{FCA4C2F7-24B6-4A0D-8960-B4F889B3B69C}.Release|Any CPU.ActiveCfg = Release|Any CPU
		{FCA4C2F7-24B6-4A0D-8960-B4F889B3B69C}.Release|Any CPU.Build.0 = Release|Any CPU
	EndGlobalSection
	GlobalSection(SolutionProperties) = preSolution
		HideSolutionNode = FALSE
	EndGlobalSection
	GlobalSection(ExtensibilityGlobals) = postSolution
		SolutionGuid = {4D4FEFE2-23A8-42E0-AAA4-AEC41D4BCA0E}
	EndGlobalSection
EndGlobal
